
Microsoft Visual Studio Solution File, Format Version 12.00
# Visual Studio Version 17
VisualStudioVersion = 17.5.33502.453
MinimumVisualStudioVersion = 10.0.40219.1
Project("{FAE04EC0-301F-11D3-BF4B-00C04F79EFBC}") = "CodeExercise", "CodeExercise.csproj", "{378ABB80-18CB-4370-B69D-2CFDFDBB98CF}"
EndProject
Global
	GlobalSection(SolutionConfigurationPlatforms) = preSolution
		Debug|Any CPU = Debug|Any CPU
		Release|Any CPU = Release|Any CPU
	EndGlobalSection
	GlobalSection(ProjectConfigurationPlatforms) = postSolution
		{378ABB80-18CB-4370-B69D-2CFDFDBB98CF}.Debug|Any CPU.ActiveCfg = Debug|Any CPU
		{378ABB80-18CB-4370-B69D-2CFDFDBB98CF}.Debug|Any CPU.Build.0 = Debug|Any CPU
		{378ABB80-18CB-4370-B69D-2CFDFDBB98CF}.Release|Any CPU.ActiveCfg = Release|Any CPU
		{378ABB80-18CB-4370-B69D-2CFDFDBB98CF}.Release|Any CPU.Build.0 = Release|Any CPU
	EndGlobalSection
	GlobalSection(SolutionProperties) = preSolution
		HideSolutionNode = FALSE
	EndGlobalSection
	GlobalSection(ExtensibilityGlobals) = postSolution
		SolutionGuid = {3ED3008E-154B-45E7-8990-E319EEE0334F}
	EndGlobalSection
EndGlobal
